// !$*UTF8*$!
{
	archiveVersion = 1;
	classes = {
	};
	objectVersion = 55;
	objects = {

/* Begin PBXBuildFile section */
		2CC6A017273AC475006E279D /* roman_calculatorApp.swift in Sources */ = {isa = PBXBuildFile; fileRef = 2CC6A016273AC475006E279D /* roman_calculatorApp.swift */; };
		2CC6A019273AC475006E279D /* ContentView.swift in Sources */ = {isa = PBXBuildFile; fileRef = 2CC6A018273AC475006E279D /* ContentView.swift */; };
		2CC6A01B273AC476006E279D /* Assets.xcassets in Resources */ = {isa = PBXBuildFile; fileRef = 2CC6A01A273AC476006E279D /* Assets.xcassets */; };
		2CC6A01E273AC476006E279D /* Preview Assets.xcassets in Resources */ = {isa = PBXBuildFile; fileRef = 2CC6A01D273AC476006E279D /* Preview Assets.xcassets */; };
		2CC6A028273AC476006E279D /* roman_calculatorTests.swift in Sources */ = {isa = PBXBuildFile; fileRef = 2CC6A027273AC476006E279D /* roman_calculatorTests.swift */; };
		2CC6A032273AC476006E279D /* roman_calculatorUITests.swift in Sources */ = {isa = PBXBuildFile; fileRef = 2CC6A031273AC476006E279D /* roman_calculatorUITests.swift */; };
		2CC6A034273AC476006E279D /* roman_calculatorUITestsLaunchTests.swift in Sources */ = {isa = PBXBuildFile; fileRef = 2CC6A033273AC476006E279D /* roman_calculatorUITestsLaunchTests.swift */; };
/* End PBXBuildFile section */

/* Begin PBXContainerItemProxy section */
		2CC6A024273AC476006E279D /* PBXContainerItemProxy */ = {
			isa = PBXContainerItemProxy;
			containerPortal = 2CC6A00B273AC475006E279D /* Project object */;
			proxyType = 1;
			remoteGlobalIDString = 2CC6A012273AC475006E279D;
			remoteInfo = "roman-calculator";
		};
		2CC6A02E273AC476006E279D /* PBXContainerItemProxy */ = {
			isa = PBXContainerItemProxy;
			containerPortal = 2CC6A00B273AC475006E279D /* Project object */;
			proxyType = 1;
			remoteGlobalIDString = 2CC6A012273AC475006E279D;
			remoteInfo = "roman-calculator";
		};
/* End PBXContainerItemProxy section */

/* Begin PBXFileReference section */
		2CC6A013273AC475006E279D /* roman-calculator.app */ = {isa = PBXFileReference; explicitFileType = wrapper.application; includeInIndex = 0; path = "roman-calculator.app"; sourceTree = BUILT_PRODUCTS_DIR; };
		2CC6A016273AC475006E279D /* roman_calculatorApp.swift */ = {isa = PBXFileReference; lastKnownFileType = sourcecode.swift; path = roman_calculatorApp.swift; sourceTree = "<group>"; };
		2CC6A018273AC475006E279D /* ContentView.swift */ = {isa = PBXFileReference; lastKnownFileType = sourcecode.swift; path = ContentView.swift; sourceTree = "<group>"; };
		2CC6A01A273AC476006E279D /* Assets.xcassets */ = {isa = PBXFileReference; lastKnownFileType = folder.assetcatalog; path = Assets.xcassets; sourceTree = "<group>"; };
		2CC6A01D273AC476006E279D /* Preview Assets.xcassets */ = {isa = PBXFileReference; lastKnownFileType = folder.assetcatalog; path = "Preview Assets.xcassets"; sourceTree = "<group>"; };
		2CC6A023273AC476006E279D /* roman-calculatorTests.xctest */ = {isa = PBXFileReference; explicitFileType = wrapper.cfbundle; includeInIndex = 0; path = "roman-calculatorTests.xctest"; sourceTree = BUILT_PRODUCTS_DIR; };
		2CC6A027273AC476006E279D /* roman_calculatorTests.swift */ = {isa = PBXFileReference; lastKnownFileType = sourcecode.swift; path = roman_calculatorTests.swift; sourceTree = "<group>"; };
		2CC6A02D273AC476006E279D /* roman-calculatorUITests.xctest */ = {isa = PBXFileReference; explicitFileType = wrapper.cfbundle; includeInIndex = 0; path = "roman-calculatorUITests.xctest"; sourceTree = BUILT_PRODUCTS_DIR; };
		2CC6A031273AC476006E279D /* roman_calculatorUITests.swift */ = {isa = PBXFileReference; lastKnownFileType = sourcecode.swift; path = roman_calculatorUITests.swift; sourceTree = "<group>"; };
		2CC6A033273AC476006E279D /* roman_calculatorUITestsLaunchTests.swift */ = {isa = PBXFileReference; lastKnownFileType = sourcecode.swift; path = roman_calculatorUITestsLaunchTests.swift; sourceTree = "<group>"; };
/* End PBXFileReference section */

/* Begin PBXFrameworksBuildPhase section */
		2CC6A010273AC475006E279D /* Frameworks */ = {
			isa = PBXFrameworksBuildPhase;
			buildActionMask = 2147483647;
			files = (
			);
			runOnlyForDeploymentPostprocessing = 0;
		};
		2CC6A020273AC476006E279D /* Frameworks */ = {
			isa = PBXFrameworksBuildPhase;
			buildActionMask = 2147483647;
			files = (
			);
			runOnlyForDeploymentPostprocessing = 0;
		};
		2CC6A02A273AC476006E279D /* Frameworks */ = {
			isa = PBXFrameworksBuildPhase;
			buildActionMask = 2147483647;
			files = (
			);
			runOnlyForDeploymentPostprocessing = 0;
		};
/* End PBXFrameworksBuildPhase section */

/* Begin PBXGroup section */
		2CC6A00A273AC475006E279D = {
			isa = PBXGroup;
			children = (
				2CC6A015273AC475006E279D /* roman-calculator */,
				2CC6A026273AC476006E279D /* roman-calculatorTests */,
				2CC6A030273AC476006E279D /* roman-calculatorUITests */,
				2CC6A014273AC475006E279D /* Products */,
			);
			sourceTree = "<group>";
		};
		2CC6A014273AC475006E279D /* Products */ = {
			isa = PBXGroup;
			children = (
				2CC6A013273AC475006E279D /* roman-calculator.app */,
				2CC6A023273AC476006E279D /* roman-calculatorTests.xctest */,
				2CC6A02D273AC476006E279D /* roman-calculatorUITests.xctest */,
			);
			name = Products;
			sourceTree = "<group>";
		};
		2CC6A015273AC475006E279D /* roman-calculator */ = {
			isa = PBXGroup;
			children = (
				2CC6A016273AC475006E279D /* roman_calculatorApp.swift */,
				2CC6A018273AC475006E279D /* ContentView.swift */,
				2CC6A01A273AC476006E279D /* Assets.xcassets */,
				2CC6A01C273AC476006E279D /* Preview Content */,
			);
			path = "roman-calculator";
			sourceTree = "<group>";
		};
		2CC6A01C273AC476006E279D /* Preview Content */ = {
			isa = PBXGroup;
			children = (
				2CC6A01D273AC476006E279D /* Preview Assets.xcassets */,
			);
			path = "Preview Content";
			sourceTree = "<group>";
		};
		2CC6A026273AC476006E279D /* roman-calculatorTests */ = {
			isa = PBXGroup;
			children = (
				2CC6A027273AC476006E279D /* roman_calculatorTests.swift */,
			);
			path = "roman-calculatorTests";
			sourceTree = "<group>";
		};
		2CC6A030273AC476006E279D /* roman-calculatorUITests */ = {
			isa = PBXGroup;
			children = (
				2CC6A031273AC476006E279D /* roman_calculatorUITests.swift */,
				2CC6A033273AC476006E279D /* roman_calculatorUITestsLaunchTests.swift */,
			);
			path = "roman-calculatorUITests";
			sourceTree = "<group>";
		};
/* End PBXGroup section */

/* Begin PBXNativeTarget section */
		2CC6A012273AC475006E279D /* roman-calculator */ = {
			isa = PBXNativeTarget;
			buildConfigurationList = 2CC6A037273AC476006E279D /* Build configuration list for PBXNativeTarget "roman-calculator" */;
			buildPhases = (
				2CC6A00F273AC475006E279D /* Sources */,
				2CC6A010273AC475006E279D /* Frameworks */,
				2CC6A011273AC475006E279D /* Resources */,
			);
			buildRules = (
			);
			dependencies = (
			);
			name = "roman-calculator";
			productName = "roman-calculator";
			productReference = 2CC6A013273AC475006E279D /* roman-calculator.app */;
			productType = "com.apple.product-type.application";
		};
		2CC6A022273AC476006E279D /* roman-calculatorTests */ = {
			isa = PBXNativeTarget;
			buildConfigurationList = 2CC6A03A273AC476006E279D /* Build configuration list for PBXNativeTarget "roman-calculatorTests" */;
			buildPhases = (
				2CC6A01F273AC476006E279D /* Sources */,
				2CC6A020273AC476006E279D /* Frameworks */,
				2CC6A021273AC476006E279D /* Resources */,
			);
			buildRules = (
			);
			dependencies = (
				2CC6A025273AC476006E279D /* PBXTargetDependency */,
			);
			name = "roman-calculatorTests";
			productName = "roman-calculatorTests";
			productReference = 2CC6A023273AC476006E279D /* roman-calculatorTests.xctest */;
			productType = "com.apple.product-type.bundle.unit-test";
		};
		2CC6A02C273AC476006E279D /* roman-calculatorUITests */ = {
			isa = PBXNativeTarget;
			buildConfigurationList = 2CC6A03D273AC476006E279D /* Build configuration list for PBXNativeTarget "roman-calculatorUITests" */;
			buildPhases = (
				2CC6A029273AC476006E279D /* Sources */,
				2CC6A02A273AC476006E279D /* Frameworks */,
				2CC6A02B273AC476006E279D /* Resources */,
			);
			buildRules = (
			);
			dependencies = (
				2CC6A02F273AC476006E279D /* PBXTargetDependency */,
			);
			name = "roman-calculatorUITests";
			productName = "roman-calculatorUITests";
			productReference = 2CC6A02D273AC476006E279D /* roman-calculatorUITests.xctest */;
			productType = "com.apple.product-type.bundle.ui-testing";
		};
/* End PBXNativeTarget section */

/* Begin PBXProject section */
		2CC6A00B273AC475006E279D /* Project object */ = {
			isa = PBXProject;
			attributes = {
				BuildIndependentTargetsInParallel = 1;
				LastSwiftUpdateCheck = 1300;
				LastUpgradeCheck = 1300;
				TargetAttributes = {
					2CC6A012273AC475006E279D = {
						CreatedOnToolsVersion = 13.0;
					};
					2CC6A022273AC476006E279D = {
						CreatedOnToolsVersion = 13.0;
						TestTargetID = 2CC6A012273AC475006E279D;
					};
					2CC6A02C273AC476006E279D = {
						CreatedOnToolsVersion = 13.0;
						TestTargetID = 2CC6A012273AC475006E279D;
					};
				};
			};
			buildConfigurationList = 2CC6A00E273AC475006E279D /* Build configuration list for PBXProject "roman-calculator" */;
			compatibilityVersion = "Xcode 13.0";
			developmentRegion = en;
			hasScannedForEncodings = 0;
			knownRegions = (
				en,
				Base,
			);
			mainGroup = 2CC6A00A273AC475006E279D;
			productRefGroup = 2CC6A014273AC475006E279D /* Products */;
			projectDirPath = "";
			projectRoot = "";
			targets = (
				2CC6A012273AC475006E279D /* roman-calculator */,
				2CC6A022273AC476006E279D /* roman-calculatorTests */,
				2CC6A02C273AC476006E279D /* roman-calculatorUITests */,
			);
		};
/* End PBXProject section */

/* Begin PBXResourcesBuildPhase section */
		2CC6A011273AC475006E279D /* Resources */ = {
			isa = PBXResourcesBuildPhase;
			buildActionMask = 2147483647;
			files = (
				2CC6A01E273AC476006E279D /* Preview Assets.xcassets in Resources */,
				2CC6A01B273AC476006E279D /* Assets.xcassets in Resources */,
			);
			runOnlyForDeploymentPostprocessing = 0;
		};
		2CC6A021273AC476006E279D /* Resources */ = {
			isa = PBXResourcesBuildPhase;
			buildActionMask = 2147483647;
			files = (
			);
			runOnlyForDeploymentPostprocessing = 0;
		};
		2CC6A02B273AC476006E279D /* Resources */ = {
			isa = PBXResourcesBuildPhase;
			buildActionMask = 2147483647;
			files = (
			);
			runOnlyForDeploymentPostprocessing = 0;
		};
/* End PBXResourcesBuildPhase section */

/* Begin PBXSourcesBuildPhase section */
		2CC6A00F273AC475006E279D /* Sources */ = {
			isa = PBXSourcesBuildPhase;
			buildActionMask = 2147483647;
			files = (
				2CC6A019273AC475006E279D /* ContentView.swift in Sources */,
				2CC6A017273AC475006E279D /* roman_calculatorApp.swift in Sources */,
			);
			runOnlyForDeploymentPostprocessing = 0;
		};
		2CC6A01F273AC476006E279D /* Sources */ = {
			isa = PBXSourcesBuildPhase;
			buildActionMask = 2147483647;
			files = (
				2CC6A028273AC476006E279D /* roman_calculatorTests.swift in Sources */,
			);
			runOnlyForDeploymentPostprocessing = 0;
		};
		2CC6A029273AC476006E279D /* Sources */ = {
			isa = PBXSourcesBuildPhase;
			buildActionMask = 2147483647;
			files = (
				2CC6A034273AC476006E279D /* roman_calculatorUITestsLaunchTests.swift in Sources */,
				2CC6A032273AC476006E279D /* roman_calculatorUITests.swift in Sources */,
			);
			runOnlyForDeploymentPostprocessing = 0;
		};
/* End PBXSourcesBuildPhase section */

/* Begin PBXTargetDependency section */
		2CC6A025273AC476006E279D /* PBXTargetDependency */ = {
			isa = PBXTargetDependency;
			target = 2CC6A012273AC475006E279D /* roman-calculator */;
			targetProxy = 2CC6A024273AC476006E279D /* PBXContainerItemProxy */;
		};
		2CC6A02F273AC476006E279D /* PBXTargetDependency */ = {
			isa = PBXTargetDependency;
			target = 2CC6A012273AC475006E279D /* roman-calculator */;
			targetProxy = 2CC6A02E273AC476006E279D /* PBXContainerItemProxy */;
		};
/* End PBXTargetDependency section */

/* Begin XCBuildConfiguration section */
		2CC6A035273AC476006E279D /* Debug */ = {
			isa = XCBuildConfiguration;
			buildSettings = {
				ALWAYS_SEARCH_USER_PATHS = NO;
				CLANG_ANALYZER_NONNULL = YES;
				CLANG_ANALYZER_NUMBER_OBJECT_CONVERSION = YES_AGGRESSIVE;
				CLANG_CXX_LANGUAGE_STANDARD = "gnu++17";
				CLANG_CXX_LIBRARY = "libc++";
				CLANG_ENABLE_MODULES = YES;
				CLANG_ENABLE_OBJC_ARC = YES;
				CLANG_ENABLE_OBJC_WEAK = YES;
				CLANG_WARN_BLOCK_CAPTURE_AUTORELEASING = YES;
				CLANG_WARN_BOOL_CONVERSION = YES;
				CLANG_WARN_COMMA = YES;
				CLANG_WARN_CONSTANT_CONVERSION = YES;
				CLANG_WARN_DEPRECATED_OBJC_IMPLEMENTATIONS = YES;
				CLANG_WARN_DIRECT_OBJC_ISA_USAGE = YES_ERROR;
				CLANG_WARN_DOCUMENTATION_COMMENTS = YES;
				CLANG_WARN_EMPTY_BODY = YES;
				CLANG_WARN_ENUM_CONVERSION = YES;
				CLANG_WARN_INFINITE_RECURSION = YES;
				CLANG_WARN_INT_CONVERSION = YES;
				CLANG_WARN_NON_LITERAL_NULL_CONVERSION = YES;
				CLANG_WARN_OBJC_IMPLICIT_RETAIN_SELF = YES;
				CLANG_WARN_OBJC_LITERAL_CONVERSION = YES;
				CLANG_WARN_OBJC_ROOT_CLASS = YES_ERROR;
				CLANG_WARN_QUOTED_INCLUDE_IN_FRAMEWORK_HEADER = YES;
				CLANG_WARN_RANGE_LOOP_ANALYSIS = YES;
				CLANG_WARN_STRICT_PROTOTYPES = YES;
				CLANG_WARN_SUSPICIOUS_MOVE = YES;
				CLANG_WARN_UNGUARDED_AVAILABILITY = YES_AGGRESSIVE;
				CLANG_WARN_UNREACHABLE_CODE = YES;
				CLANG_WARN__DUPLICATE_METHOD_MATCH = YES;
				COPY_PHASE_STRIP = NO;
				DEBUG_INFORMATION_FORMAT = dwarf;
				ENABLE_STRICT_OBJC_MSGSEND = YES;
				ENABLE_TESTABILITY = YES;
				GCC_C_LANGUAGE_STANDARD = gnu11;
				GCC_DYNAMIC_NO_PIC = NO;
				GCC_NO_COMMON_BLOCKS = YES;
				GCC_OPTIMIZATION_LEVEL = 0;
				GCC_PREPROCESSOR_DEFINITIONS = (
					"DEBUG=1",
					"$(inherited)",
				);
				GCC_WARN_64_TO_32_BIT_CONVERSION = YES;
				GCC_WARN_ABOUT_RETURN_TYPE = YES_ERROR;
				GCC_WARN_UNDECLARED_SELECTOR = YES;
				GCC_WARN_UNINITIALIZED_AUTOS = YES_AGGRESSIVE;
				GCC_WARN_UNUSED_FUNCTION = YES;
				GCC_WARN_UNUSED_VARIABLE = YES;
				IPHONEOS_DEPLOYMENT_TARGET = 15.0;
				MTL_ENABLE_DEBUG_INFO = INCLUDE_SOURCE;
				MTL_FAST_MATH = YES;
				ONLY_ACTIVE_ARCH = YES;
				SDKROOT = iphoneos;
				SWIFT_ACTIVE_COMPILATION_CONDITIONS = DEBUG;
				SWIFT_OPTIMIZATION_LEVEL = "-Onone";
			};
			name = Debug;
		};
		2CC6A036273AC476006E279D /* Release */ = {
			isa = XCBuildConfiguration;
			buildSettings = {
				ALWAYS_SEARCH_USER_PATHS = NO;
				CLANG_ANALYZER_NONNULL = YES;
				CLANG_ANALYZER_NUMBER_OBJECT_CONVERSION = YES_AGGRESSIVE;
				CLANG_CXX_LANGUAGE_STANDARD = "gnu++17";
				CLANG_CXX_LIBRARY = "libc++";
				CLANG_ENABLE_MODULES = YES;
				CLANG_ENABLE_OBJC_ARC = YES;
				CLANG_ENABLE_OBJC_WEAK = YES;
				CLANG_WARN_BLOCK_CAPTURE_AUTORELEASING = YES;
				CLANG_WARN_BOOL_CONVERSION = YES;
				CLANG_WARN_COMMA = YES;
				CLANG_WARN_CONSTANT_CONVERSION = YES;
				CLANG_WARN_DEPRECATED_OBJC_IMPLEMENTATIONS = YES;
				CLANG_WARN_DIRECT_OBJC_ISA_USAGE = YES_ERROR;
				CLANG_WARN_DOCUMENTATION_COMMENTS = YES;
				CLANG_WARN_EMPTY_BODY = YES;
				CLANG_WARN_ENUM_CONVERSION = YES;
				CLANG_WARN_INFINITE_RECURSION = YES;
				CLANG_WARN_INT_CONVERSION = YES;
				CLANG_WARN_NON_LITERAL_NULL_CONVERSION = YES;
				CLANG_WARN_OBJC_IMPLICIT_RETAIN_SELF = YES;
				CLANG_WARN_OBJC_LITERAL_CONVERSION = YES;
				CLANG_WARN_OBJC_ROOT_CLASS = YES_ERROR;
				CLANG_WARN_QUOTED_INCLUDE_IN_FRAMEWORK_HEADER = YES;
				CLANG_WARN_RANGE_LOOP_ANALYSIS = YES;
				CLANG_WARN_STRICT_PROTOTYPES = YES;
				CLANG_WARN_SUSPICIOUS_MOVE = YES;
				CLANG_WARN_UNGUARDED_AVAILABILITY = YES_AGGRESSIVE;
				CLANG_WARN_UNREACHABLE_CODE = YES;
				CLANG_WARN__DUPLICATE_METHOD_MATCH = YES;
				COPY_PHASE_STRIP = NO;
				DEBUG_INFORMATION_FORMAT = "dwarf-with-dsym";
				ENABLE_NS_ASSERTIONS = NO;
				ENABLE_STRICT_OBJC_MSGSEND = YES;
				GCC_C_LANGUAGE_STANDARD = gnu11;
				GCC_NO_COMMON_BLOCKS = YES;
				GCC_WARN_64_TO_32_BIT_CONVERSION = YES;
				GCC_WARN_ABOUT_RETURN_TYPE = YES_ERROR;
				GCC_WARN_UNDECLARED_SELECTOR = YES;
				GCC_WARN_UNINITIALIZED_AUTOS = YES_AGGRESSIVE;
				GCC_WARN_UNUSED_FUNCTION = YES;
				GCC_WARN_UNUSED_VARIABLE = YES;
				IPHONEOS_DEPLOYMENT_TARGET = 15.0;
				MTL_ENABLE_DEBUG_INFO = NO;
				MTL_FAST_MATH = YES;
				SDKROOT = iphoneos;
				SWIFT_COMPILATION_MODE = wholemodule;
				SWIFT_OPTIMIZATION_LEVEL = "-O";
				VALIDATE_PRODUCT = YES;
			};
			name = Release;
		};
		2CC6A038273AC476006E279D /* Debug */ = {
			isa = XCBuildConfiguration;
			buildSettings = {
				ASSETCATALOG_COMPILER_APPICON_NAME = AppIcon;
				ASSETCATALOG_COMPILER_GLOBAL_ACCENT_COLOR_NAME = AccentColor;
				CODE_SIGN_STYLE = Automatic;
				CURRENT_PROJECT_VERSION = 1;
				DEVELOPMENT_ASSET_PATHS = "\"roman-calculator/Preview Content\"";
				ENABLE_PREVIEWS = YES;
				GENERATE_INFOPLIST_FILE = YES;
				INFOPLIST_KEY_UIApplicationSceneManifest_Generation = YES;
				INFOPLIST_KEY_UIApplicationSupportsIndirectInputEvents = YES;
				INFOPLIST_KEY_UILaunchScreen_Generation = YES;
				INFOPLIST_KEY_UISupportedInterfaceOrientations_iPad = "UIInterfaceOrientationPortrait UIInterfaceOrientationPortraitUpsideDown UIInterfaceOrientationLandscapeLeft UIInterfaceOrientationLandscapeRight";
				INFOPLIST_KEY_UISupportedInterfaceOrientations_iPhone = "UIInterfaceOrientationPortrait UIInterfaceOrientationLandscapeLeft UIInterfaceOrientationLandscapeRight";
				IPHONEOS_DEPLOYMENT_TARGET = 14.0;
				LD_RUNPATH_SEARCH_PATHS = (
					"$(inherited)",
					"@executable_path/Frameworks",
				);
				MARKETING_VERSION = 1.0;
				PRODUCT_BUNDLE_IDENTIFIER = "sunanmau5.roman-calculator";
				PRODUCT_NAME = "$(TARGET_NAME)";
				SWIFT_EMIT_LOC_STRINGS = YES;
				SWIFT_VERSION = 5.0;
				TARGETED_DEVICE_FAMILY = "1,2";
			};
			name = Debug;
		};
		2CC6A039273AC476006E279D /* Release */ = {
			isa = XCBuildConfiguration;
			buildSettings = {
				ASSETCATALOG_COMPILER_APPICON_NAME = AppIcon;
				ASSETCATALOG_COMPILER_GLOBAL_ACCENT_COLOR_NAME = AccentColor;
				CODE_SIGN_STYLE = Automatic;
				CURRENT_PROJECT_VERSION = 1;
				DEVELOPMENT_ASSET_PATHS = "\"roman-calculator/Preview Content\"";
				ENABLE_PREVIEWS = YES;
				GENERATE_INFOPLIST_FILE = YES;
				INFOPLIST_KEY_UIApplicationSceneManifest_Generation = YES;
				INFOPLIST_KEY_UIApplicationSupportsIndirectInputEvents = YES;
				INFOPLIST_KEY_UILaunchScreen_Generation = YES;
				INFOPLIST_KEY_UISupportedInterfaceOrientations_iPad = "UIInterfaceOrientationPortrait UIInterfaceOrientationPortraitUpsideDown UIInterfaceOrientationLandscapeLeft UIInterfaceOrientationLandscapeRight";
				INFOPLIST_KEY_UISupportedInterfaceOrientations_iPhone = "UIInterfaceOrientationPortrait UIInterfaceOrientationLandscapeLeft UIInterfaceOrientationLandscapeRight";
				IPHONEOS_DEPLOYMENT_TARGET = 14.0;
				LD_RUNPATH_SEARCH_PATHS = (
					"$(inherited)",
					"@executable_path/Frameworks",
				);
				MARKETING_VERSION = 1.0;
				PRODUCT_BUNDLE_IDENTIFIER = "sunanmau5.roman-calculator";
				PRODUCT_NAME = "$(TARGET_NAME)";
				SWIFT_EMIT_LOC_STRINGS = YES;
				SWIFT_VERSION = 5.0;
				TARGETED_DEVICE_FAMILY = "1,2";
			};
			name = Release;
		};
		2CC6A03B273AC476006E279D /* Debug */ = {
			isa = XCBuildConfiguration;
			buildSettings = {
				ALWAYS_EMBED_SWIFT_STANDARD_LIBRARIES = YES;
				BUNDLE_LOADER = "$(TEST_HOST)";
				CODE_SIGN_STYLE = Automatic;
				CURRENT_PROJECT_VERSION = 1;
				GENERATE_INFOPLIST_FILE = YES;
				IPHONEOS_DEPLOYMENT_TARGET = 14.0;
				LD_RUNPATH_SEARCH_PATHS = (
					"$(inherited)",
					"@executable_path/Frameworks",
					"@loader_path/Frameworks",
				);
				MARKETING_VERSION = 1.0;
				PRODUCT_BUNDLE_IDENTIFIER = "sunanmau5.roman-calculatorTests";
				PRODUCT_NAME = "$(TARGET_NAME)";
				SWIFT_EMIT_LOC_STRINGS = NO;
				SWIFT_VERSION = 5.0;
				TARGETED_DEVICE_FAMILY = "1,2";
				TEST_HOST = "$(BUILT_PRODUCTS_DIR)/roman-calculator.app/roman-calculator";
			};
			name = Debug;
		};
		2CC6A03C273AC476006E279D /* Release */ = {
			isa = XCBuildConfiguration;
			buildSettings = {
				ALWAYS_EMBED_SWIFT_STANDARD_LIBRARIES = YES;
				BUNDLE_LOADER = "$(TEST_HOST)";
				CODE_SIGN_STYLE = Automatic;
				CURRENT_PROJECT_VERSION = 1;
				GENERATE_INFOPLIST_FILE = YES;
				IPHONEOS_DEPLOYMENT_TARGET = 14.0;
				LD_RUNPATH_SEARCH_PATHS = (
					"$(inherited)",
					"@executable_path/Frameworks",
					"@loader_path/Frameworks",
				);
				MARKETING_VERSION = 1.0;
				PRODUCT_BUNDLE_IDENTIFIER = "sunanmau5.roman-calculatorTests";
				PRODUCT_NAME = "$(TARGET_NAME)";
				SWIFT_EMIT_LOC_STRINGS = NO;
				SWIFT_VERSION = 5.0;
				TARGETED_DEVICE_FAMILY = "1,2";
				TEST_HOST = "$(BUILT_PRODUCTS_DIR)/roman-calculator.app/roman-calculator";
			};
			name = Release;
		};
		2CC6A03E273AC476006E279D /* Debug */ = {
			isa = XCBuildConfiguration;
			buildSettings = {
				ALWAYS_EMBED_SWIFT_STANDARD_LIBRARIES = YES;
				CODE_SIGN_STYLE = Automatic;
				CURRENT_PROJECT_VERSION = 1;
				GENERATE_INFOPLIST_FILE = YES;
				LD_RUNPATH_SEARCH_PATHS = (
					"$(inherited)",
					"@executable_path/Frameworks",
					"@loader_path/Frameworks",
				);
				MARKETING_VERSION = 1.0;
				PRODUCT_BUNDLE_IDENTIFIER = "sunanmau5.roman-calculatorUITests";
				PRODUCT_NAME = "$(TARGET_NAME)";
				SWIFT_EMIT_LOC_STRINGS = NO;
				SWIFT_VERSION = 5.0;
				TARGETED_DEVICE_FAMILY = "1,2";
				TEST_TARGET_NAME = "roman-calculator";
			};
			name = Debug;
		};
		2CC6A03F273AC476006E279D /* Release */ = {
			isa = XCBuildConfiguration;
			buildSettings = {
				ALWAYS_EMBED_SWIFT_STANDARD_LIBRARIES = YES;
				CODE_SIGN_STYLE = Automatic;
				CURRENT_PROJECT_VERSION = 1;
				GENERATE_INFOPLIST_FILE = YES;
				LD_RUNPATH_SEARCH_PATHS = (
					"$(inherited)",
					"@executable_path/Frameworks",
					"@loader_path/Frameworks",
				);
				MARKETING_VERSION = 1.0;
				PRODUCT_BUNDLE_IDENTIFIER = "sunanmau5.roman-calculatorUITests";
				PRODUCT_NAME = "$(TARGET_NAME)";
				SWIFT_EMIT_LOC_STRINGS = NO;
				SWIFT_VERSION = 5.0;
				TARGETED_DEVICE_FAMILY = "1,2";
				TEST_TARGET_NAME = "roman-calculator";
			};
			name = Release;
		};
/* End XCBuildConfiguration section */

/* Begin XCConfigurationList section */
		2CC6A00E273AC475006E279D /* Build configuration list for PBXProject "roman-calculator" */ = {
			isa = XCConfigurationList;
			buildConfigurations = (
				2CC6A035273AC476006E279D /* Debug */,
				2CC6A036273AC476006E279D /* Release */,
			);
			defaultConfigurationIsVisible = 0;
			defaultConfigurationName = Release;
		};
		2CC6A037273AC476006E279D /* Build configuration list for PBXNativeTarget "roman-calculator" */ = {
			isa = XCConfigurationList;
			buildConfigurations = (
				2CC6A038273AC476006E279D /* Debug */,
				2CC6A039273AC476006E279D /* Release */,
			);
			defaultConfigurationIsVisible = 0;
			defaultConfigurationName = Release;
		};
		2CC6A03A273AC476006E279D /* Build configuration list for PBXNativeTarget "roman-calculatorTests" */ = {
			isa = XCConfigurationList;
			buildConfigurations = (
				2CC6A03B273AC476006E279D /* Debug */,
				2CC6A03C273AC476006E279D /* Release */,
			);
			defaultConfigurationIsVisible = 0;
			defaultConfigurationName = Release;
		};
		2CC6A03D273AC476006E279D /* Build configuration list for PBXNativeTarget "roman-calculatorUITests" */ = {
			isa = XCConfigurationList;
			buildConfigurations = (
				2CC6A03E273AC476006E279D /* Debug */,
				2CC6A03F273AC476006E279D /* Release */,
			);
			defaultConfigurationIsVisible = 0;
			defaultConfigurationName = Release;
		};
/* End XCConfigurationList section */
	};
	rootObject = 2CC6A00B273AC475006E279D /* Project object */;
}
